
Microsoft Visual Studio Solution File, Format Version 12.00
# Visual Studio Version 17
VisualStudioVersion = 17.4.33110.190
MinimumVisualStudioVersion = 10.0.40219.1
Project("{FAE04EC0-301F-11D3-BF4B-00C04F79EFBC}") = "jogoDaVelha", "jogoDaVelha\jogoDaVelha.csproj", "{0BF0ADCA-4CFA-405F-980B-6D5C6233411E}"
EndProject
Global
	GlobalSection(SolutionConfigurationPlatforms) = preSolution
		Debug|Any CPU = Debug|Any CPU
		Release|Any CPU = Release|Any CPU
	EndGlobalSection
	GlobalSection(ProjectConfigurationPlatforms) = postSolution
		{0BF0ADCA-4CFA-405F-980B-6D5C6233411E}.Debug|Any CPU.ActiveCfg = Debug|Any CPU
		{0BF0ADCA-4CFA-405F-980B-6D5C6233411E}.Debug|Any CPU.Build.0 = Debug|Any CPU
		{0BF0ADCA-4CFA-405F-980B-6D5C6233411E}.Release|Any CPU.ActiveCfg = Release|Any CPU
		{0BF0ADCA-4CFA-405F-980B-6D5C6233411E}.Release|Any CPU.Build.0 = Release|Any CPU
	EndGlobalSection
	GlobalSection(SolutionProperties) = preSolution
		HideSolutionNode = FALSE
	EndGlobalSection
	GlobalSection(ExtensibilityGlobals) = postSolution
		SolutionGuid = {1D239FA2-14E5-457E-B39A-6B143700774E}
	EndGlobalSection
EndGlobal
